
Microsoft Visual Studio Solution File, Format Version 12.00
# Visual Studio Version 16
VisualStudioVersion = 16.0.31729.503
MinimumVisualStudioVersion = 10.0.40219.1
Project("{FAE04EC0-301F-11D3-BF4B-00C04F79EFBC}") = "HackerRankProblemSolution", "HackerRankProblemSolution.csproj", "{A96CA72E-5B85-4794-A2D3-B91EB177DB00}"
EndProject
Global
	GlobalSection(SolutionConfigurationPlatforms) = preSolution
		Debug|Any CPU = Debug|Any CPU
		Release|Any CPU = Release|Any CPU
	EndGlobalSection
	GlobalSection(ProjectConfigurationPlatforms) = postSolution
		{A96CA72E-5B85-4794-A2D3-B91EB177DB00}.Debug|Any CPU.ActiveCfg = Debug|Any CPU
		{A96CA72E-5B85-4794-A2D3-B91EB177DB00}.Debug|Any CPU.Build.0 = Debug|Any CPU
		{A96CA72E-5B85-4794-A2D3-B91EB177DB00}.Release|Any CPU.ActiveCfg = Release|Any CPU
		{A96CA72E-5B85-4794-A2D3-B91EB177DB00}.Release|Any CPU.Build.0 = Release|Any CPU
	EndGlobalSection
	GlobalSection(SolutionProperties) = preSolution
		HideSolutionNode = FALSE
	EndGlobalSection
	GlobalSection(ExtensibilityGlobals) = postSolution
		SolutionGuid = {3C785A5E-2F84-4A02-A1CE-1C46AB70E31B}
	EndGlobalSection
EndGlobal
